
Microsoft Visual Studio Solution File, Format Version 11.00
# Visual Studio 2010
Project("{F184B08F-C81C-45F6-A57F-5ABD9991F28F}") = "calculator", "calculator\calculator.vbproj", "{813A6EC4-A93A-468C-B600-CF14445E222E}"
EndProject
Global
	GlobalSection(SolutionConfigurationPlatforms) = preSolution
		Debug|x86 = Debug|x86
		Release|x86 = Release|x86
	EndGlobalSection
	GlobalSection(ProjectConfigurationPlatforms) = postSolution
		{813A6EC4-A93A-468C-B600-CF14445E222E}.Debug|x86.ActiveCfg = Debug|x86
		{813A6EC4-A93A-468C-B600-CF14445E222E}.Debug|x86.Build.0 = Debug|x86
		{813A6EC4-A93A-468C-B600-CF14445E222E}.Release|x86.ActiveCfg = Release|x86
		{813A6EC4-A93A-468C-B600-CF14445E222E}.Release|x86.Build.0 = Release|x86
	EndGlobalSection
	GlobalSection(SolutionProperties) = preSolution
		HideSolutionNode = FALSE
	EndGlobalSection
EndGlobal
